<Solution>
  <Folder Name="/src/">
    <Project Path="src/IvTem.TypeSafety/IvTem.TypeSafety.csproj" />
  </Folder>
  <Folder Name="/tests/">
    <Project Path="tests/IvTem.TypeSafety.Tests/IvTem.TypeSafety.Tests.csproj" />
  </Folder>
  <Folder Name="/samples/">
    <Project Path="samples/IvTem.TypeSafety.Sample/IvTem.TypeSafety.Sample.csproj" />
  </Folder>
</Solution>
